// !$*UTF8*$!
{
	archiveVersion = 1;
	classes = {
	};
	objectVersion = 51;
	objects = {

/* Begin PBXBuildFile section */
		53D075A023C04ADA0053388E /* AppDelegate.swift in Sources */ = {isa = PBXBuildFile; fileRef = 53D0759F23C04ADA0053388E /* AppDelegate.swift */; };
		53D075A223C04ADA0053388E /* ViewController.swift in Sources */ = {isa = PBXBuildFile; fileRef = 53D075A123C04ADA0053388E /* ViewController.swift */; };
		53D075A523C04ADA0053388E /* Main.storyboard in Resources */ = {isa = PBXBuildFile; fileRef = 53D075A323C04ADA0053388E /* Main.storyboard */; };
		53D075A723C04ADF0053388E /* Assets.xcassets in Resources */ = {isa = PBXBuildFile; fileRef = 53D075A623C04ADF0053388E /* Assets.xcassets */; };
		53D075AA23C04ADF0053388E /* LaunchScreen.storyboard in Resources */ = {isa = PBXBuildFile; fileRef = 53D075A823C04ADF0053388E /* LaunchScreen.storyboard */; };
		53D075B223C04B330053388E /* LoginViewController.swift in Sources */ = {isa = PBXBuildFile; fileRef = 53D075B123C04B330053388E /* LoginViewController.swift */; };
		53D075B423C04B4A0053388E /* HomeViewController.swift in Sources */ = {isa = PBXBuildFile; fileRef = 53D075B323C04B4A0053388E /* HomeViewController.swift */; };
		53D075B623C04B5C0053388E /* ImageSelectViewController.swift in Sources */ = {isa = PBXBuildFile; fileRef = 53D075B523C04B5C0053388E /* ImageSelectViewController.swift */; };
		53D075B823C04B6E0053388E /* PostViewController.swift in Sources */ = {isa = PBXBuildFile; fileRef = 53D075B723C04B6E0053388E /* PostViewController.swift */; };
		53D075BA23C04B7E0053388E /* SettingViewController.swift in Sources */ = {isa = PBXBuildFile; fileRef = 53D075B923C04B7E0053388E /* SettingViewController.swift */; };
		53D075BC23C0565D0053388E /* GoogleService-Info.plist in Resources */ = {isa = PBXBuildFile; fileRef = 53D075BB23C0565C0053388E /* GoogleService-Info.plist */; };
		53D075BE23C0A32B0053388E /* Const.swift in Sources */ = {isa = PBXBuildFile; fileRef = 53D075BD23C0A32B0053388E /* Const.swift */; };
		53D075C023C0ADB50053388E /* PostData.swift in Sources */ = {isa = PBXBuildFile; fileRef = 53D075BF23C0ADB50053388E /* PostData.swift */; };
		53D075C323C0B0AE0053388E /* PostTableViewCell.swift in Sources */ = {isa = PBXBuildFile; fileRef = 53D075C123C0B0AE0053388E /* PostTableViewCell.swift */; };
		53D075C423C0B0AE0053388E /* PostTableViewCell.xib in Resources */ = {isa = PBXBuildFile; fileRef = 53D075C223C0B0AE0053388E /* PostTableViewCell.xib */; };
		D67E60280C04727BA5F9ED5D /* Pods_Instagram.framework in Frameworks */ = {isa = PBXBuildFile; fileRef = D3B7B45A6F5E733D84B3A1F3 /* Pods_Instagram.framework */; };
/* End PBXBuildFile section */

/* Begin PBXFileReference section */
		53D0759C23C04ADA0053388E /* Instagram.app */ = {isa = PBXFileReference; explicitFileType = wrapper.application; includeInIndex = 0; path = Instagram.app; sourceTree = BUILT_PRODUCTS_DIR; };
		53D0759F23C04ADA0053388E /* AppDelegate.swift */ = {isa = PBXFileReference; lastKnownFileType = sourcecode.swift; path = AppDelegate.swift; sourceTree = "<group>"; };
		53D075A123C04ADA0053388E /* ViewController.swift */ = {isa = PBXFileReference; lastKnownFileType = sourcecode.swift; path = ViewController.swift; sourceTree = "<group>"; };
		53D075A423C04ADA0053388E /* Base */ = {isa = PBXFileReference; lastKnownFileType = file.storyboard; name = Base; path = Base.lproj/Main.storyboard; sourceTree = "<group>"; };
		53D075A623C04ADF0053388E /* Assets.xcassets */ = {isa = PBXFileReference; lastKnownFileType = folder.assetcatalog; path = Assets.xcassets; sourceTree = "<group>"; };
		53D075A923C04ADF0053388E /* Base */ = {isa = PBXFileReference; lastKnownFileType = file.storyboard; name = Base; path = Base.lproj/LaunchScreen.storyboard; sourceTree = "<group>"; };
		53D075AB23C04ADF0053388E /* Info.plist */ = {isa = PBXFileReference; lastKnownFileType = text.plist.xml; path = Info.plist; sourceTree = "<group>"; };
		53D075B123C04B330053388E /* LoginViewController.swift */ = {isa = PBXFileReference; lastKnownFileType = sourcecode.swift; path = LoginViewController.swift; sourceTree = "<group>"; };
		53D075B323C04B4A0053388E /* HomeViewController.swift */ = {isa = PBXFileReference; lastKnownFileType = sourcecode.swift; path = HomeViewController.swift; sourceTree = "<group>"; };
		53D075B523C04B5C0053388E /* ImageSelectViewController.swift */ = {isa = PBXFileReference; lastKnownFileType = sourcecode.swift; path = ImageSelectViewController.swift; sourceTree = "<group>"; };
		53D075B723C04B6E0053388E /* PostViewController.swift */ = {isa = PBXFileReference; lastKnownFileType = sourcecode.swift; path = PostViewController.swift; sourceTree = "<group>"; };
		53D075B923C04B7E0053388E /* SettingViewController.swift */ = {isa = PBXFileReference; lastKnownFileType = sourcecode.swift; path = SettingViewController.swift; sourceTree = "<group>"; };
		53D075BB23C0565C0053388E /* GoogleService-Info.plist */ = {isa = PBXFileReference; fileEncoding = 4; lastKnownFileType = text.plist.xml; path = "GoogleService-Info.plist"; sourceTree = "<group>"; };
		53D075BD23C0A32B0053388E /* Const.swift */ = {isa = PBXFileReference; lastKnownFileType = sourcecode.swift; path = Const.swift; sourceTree = "<group>"; };
		53D075BF23C0ADB50053388E /* PostData.swift */ = {isa = PBXFileReference; lastKnownFileType = sourcecode.swift; path = PostData.swift; sourceTree = "<group>"; };
		53D075C123C0B0AE0053388E /* PostTableViewCell.swift */ = {isa = PBXFileReference; lastKnownFileType = sourcecode.swift; path = PostTableViewCell.swift; sourceTree = "<group>"; };
		53D075C223C0B0AE0053388E /* PostTableViewCell.xib */ = {isa = PBXFileReference; lastKnownFileType = file.xib; path = PostTableViewCell.xib; sourceTree = "<group>"; };
		7A1412507FD30E335E0C038F /* Pods-Instagram.debug.xcconfig */ = {isa = PBXFileReference; includeInIndex = 1; lastKnownFileType = text.xcconfig; name = "Pods-Instagram.debug.xcconfig"; path = "Target Support Files/Pods-Instagram/Pods-Instagram.debug.xcconfig"; sourceTree = "<group>"; };
		9418119E9CB79B6FC7ADC589 /* Pods-Instagram.release.xcconfig */ = {isa = PBXFileReference; includeInIndex = 1; lastKnownFileType = text.xcconfig; name = "Pods-Instagram.release.xcconfig"; path = "Target Support Files/Pods-Instagram/Pods-Instagram.release.xcconfig"; sourceTree = "<group>"; };
		D3B7B45A6F5E733D84B3A1F3 /* Pods_Instagram.framework */ = {isa = PBXFileReference; explicitFileType = wrapper.framework; includeInIndex = 0; path = Pods_Instagram.framework; sourceTree = BUILT_PRODUCTS_DIR; };
/* End PBXFileReference section */

/* Begin PBXFrameworksBuildPhase section */
		53D0759923C04ADA0053388E /* Frameworks */ = {
			isa = PBXFrameworksBuildPhase;
			buildActionMask = 2147483647;
			files = (
				D67E60280C04727BA5F9ED5D /* Pods_Instagram.framework in Frameworks */,
			);
			runOnlyForDeploymentPostprocessing = 0;
		};
/* End PBXFrameworksBuildPhase section */

/* Begin PBXGroup section */
		53D0759323C04ADA0053388E = {
			isa = PBXGroup;
			children = (
				53D0759E23C04ADA0053388E /* Instagram */,
				53D0759D23C04ADA0053388E /* Products */,
				E2585F21403A7DA752E68EFB /* Pods */,
				D58C3BBDA684AA08D7A3001E /* Frameworks */,
			);
			sourceTree = "<group>";
		};
		53D0759D23C04ADA0053388E /* Products */ = {
			isa = PBXGroup;
			children = (
				53D0759C23C04ADA0053388E /* Instagram.app */,
			);
			name = Products;
			sourceTree = "<group>";
		};
		53D0759E23C04ADA0053388E /* Instagram */ = {
			isa = PBXGroup;
			children = (
				53D075BB23C0565C0053388E /* GoogleService-Info.plist */,
				53D0759F23C04ADA0053388E /* AppDelegate.swift */,
				53D075A123C04ADA0053388E /* ViewController.swift */,
				53D075A323C04ADA0053388E /* Main.storyboard */,
				53D075A623C04ADF0053388E /* Assets.xcassets */,
				53D075A823C04ADF0053388E /* LaunchScreen.storyboard */,
				53D075AB23C04ADF0053388E /* Info.plist */,
				53D075B123C04B330053388E /* LoginViewController.swift */,
				53D075B323C04B4A0053388E /* HomeViewController.swift */,
				53D075B523C04B5C0053388E /* ImageSelectViewController.swift */,
				53D075B723C04B6E0053388E /* PostViewController.swift */,
				53D075B923C04B7E0053388E /* SettingViewController.swift */,
				53D075BD23C0A32B0053388E /* Const.swift */,
				53D075BF23C0ADB50053388E /* PostData.swift */,
				53D075C123C0B0AE0053388E /* PostTableViewCell.swift */,
				53D075C223C0B0AE0053388E /* PostTableViewCell.xib */,
			);
			path = Instagram;
			sourceTree = "<group>";
		};
		D58C3BBDA684AA08D7A3001E /* Frameworks */ = {
			isa = PBXGroup;
			children = (
				D3B7B45A6F5E733D84B3A1F3 /* Pods_Instagram.framework */,
			);
			name = Frameworks;
			sourceTree = "<group>";
		};
		E2585F21403A7DA752E68EFB /* Pods */ = {
			isa = PBXGroup;
			children = (
				7A1412507FD30E335E0C038F /* Pods-Instagram.debug.xcconfig */,
				9418119E9CB79B6FC7ADC589 /* Pods-Instagram.release.xcconfig */,
			);
			path = Pods;
			sourceTree = "<group>";
		};
/* End PBXGroup section */

/* Begin PBXNativeTarget section */
		53D0759B23C04ADA0053388E /* Instagram */ = {
			isa = PBXNativeTarget;
			buildConfigurationList = 53D075AE23C04ADF0053388E /* Build configuration list for PBXNativeTarget "Instagram" */;
			buildPhases = (
				3F92C54A807D2245685B72E6 /* [CP] Check Pods Manifest.lock */,
				53D0759823C04ADA0053388E /* Sources */,
				53D0759923C04ADA0053388E /* Frameworks */,
				53D0759A23C04ADA0053388E /* Resources */,
				9B10A68E614EDC08300D0DA7 /* [CP] Embed Pods Frameworks */,
			);
			buildRules = (
			);
			dependencies = (
			);
			name = Instagram;
			productName = Instagram;
			productReference = 53D0759C23C04ADA0053388E /* Instagram.app */;
			productType = "com.apple.product-type.application";
		};
/* End PBXNativeTarget section */

/* Begin PBXProject section */
		53D0759423C04ADA0053388E /* Project object */ = {
			isa = PBXProject;
			attributes = {
				LastSwiftUpdateCheck = 1020;
				LastUpgradeCheck = 1020;
				ORGANIZATIONNAME = hirotaka.iwasaki;
				TargetAttributes = {
					53D0759B23C04ADA0053388E = {
						CreatedOnToolsVersion = 10.2.1;
					};
				};
			};
			buildConfigurationList = 53D0759723C04ADA0053388E /* Build configuration list for PBXProject "Instagram" */;
			compatibilityVersion = "Xcode 9.3";
			developmentRegion = en;
			hasScannedForEncodings = 0;
			knownRegions = (
				en,
				Base,
			);
			mainGroup = 53D0759323C04ADA0053388E;
			productRefGroup = 53D0759D23C04ADA0053388E /* Products */;
			projectDirPath = "";
			projectRoot = "";
			targets = (
				53D0759B23C04ADA0053388E /* Instagram */,
			);
		};
/* End PBXProject section */

/* Begin PBXResourcesBuildPhase section */
		53D0759A23C04ADA0053388E /* Resources */ = {
			isa = PBXResourcesBuildPhase;
			buildActionMask = 2147483647;
			files = (
				53D075AA23C04ADF0053388E /* LaunchScreen.storyboard in Resources */,
				53D075C423C0B0AE0053388E /* PostTableViewCell.xib in Resources */,
				53D075BC23C0565D0053388E /* GoogleService-Info.plist in Resources */,
				53D075A723C04ADF0053388E /* Assets.xcassets in Resources */,
				53D075A523C04ADA0053388E /* Main.storyboard in Resources */,
			);
			runOnlyForDeploymentPostprocessing = 0;
		};
/* End PBXResourcesBuildPhase section */

/* Begin PBXShellScriptBuildPhase section */
		3F92C54A807D2245685B72E6 /* [CP] Check Pods Manifest.lock */ = {
			isa = PBXShellScriptBuildPhase;
			buildActionMask = 2147483647;
			files = (
			);
			inputFileListPaths = (
			);
			inputPaths = (
				"${PODS_PODFILE_DIR_PATH}/Podfile.lock",
				"${PODS_ROOT}/Manifest.lock",
			);
			name = "[CP] Check Pods Manifest.lock";
			outputFileListPaths = (
			);
			outputPaths = (
				"$(DERIVED_FILE_DIR)/Pods-Instagram-checkManifestLockResult.txt",
			);
			runOnlyForDeploymentPostprocessing = 0;
			shellPath = /bin/sh;
			shellScript = "diff \"${PODS_PODFILE_DIR_PATH}/Podfile.lock\" \"${PODS_ROOT}/Manifest.lock\" > /dev/null\nif [ $? != 0 ] ; then\n    # print error to STDERR\n    echo \"error: The sandbox is not in sync with the Podfile.lock. Run 'pod install' or update your CocoaPods installation.\" >&2\n    exit 1\nfi\n# This output is used by Xcode 'outputs' to avoid re-running this script phase.\necho \"SUCCESS\" > \"${SCRIPT_OUTPUT_FILE_0}\"\n";
			showEnvVarsInLog = 0;
		};
		9B10A68E614EDC08300D0DA7 /* [CP] Embed Pods Frameworks */ = {
			isa = PBXShellScriptBuildPhase;
			buildActionMask = 2147483647;
			files = (
			);
			inputFileListPaths = (
				"${PODS_ROOT}/Target Support Files/Pods-Instagram/Pods-Instagram-frameworks-${CONFIGURATION}-input-files.xcfilelist",
			);
			name = "[CP] Embed Pods Frameworks";
			outputFileListPaths = (
				"${PODS_ROOT}/Target Support Files/Pods-Instagram/Pods-Instagram-frameworks-${CONFIGURATION}-output-files.xcfilelist",
			);
			runOnlyForDeploymentPostprocessing = 0;
			shellPath = /bin/sh;
			shellScript = "\"${PODS_ROOT}/Target Support Files/Pods-Instagram/Pods-Instagram-frameworks.sh\"\n";
			showEnvVarsInLog = 0;
		};
/* End PBXShellScriptBuildPhase section */

/* Begin PBXSourcesBuildPhase section */
		53D0759823C04ADA0053388E /* Sources */ = {
			isa = PBXSourcesBuildPhase;
			buildActionMask = 2147483647;
			files = (
				53D075B823C04B6E0053388E /* PostViewController.swift in Sources */,
				53D075C023C0ADB50053388E /* PostData.swift in Sources */,
				53D075B223C04B330053388E /* LoginViewController.swift in Sources */,
				53D075A223C04ADA0053388E /* ViewController.swift in Sources */,
				53D075A023C04ADA0053388E /* AppDelegate.swift in Sources */,
				53D075B623C04B5C0053388E /* ImageSelectViewController.swift in Sources */,
				53D075BE23C0A32B0053388E /* Const.swift in Sources */,
				53D075C323C0B0AE0053388E /* PostTableViewCell.swift in Sources */,
				53D075BA23C04B7E0053388E /* SettingViewController.swift in Sources */,
				53D075B423C04B4A0053388E /* HomeViewController.swift in Sources */,
			);
			runOnlyForDeploymentPostprocessing = 0;
		};
/* End PBXSourcesBuildPhase section */

/* Begin PBXVariantGroup section */
		53D075A323C04ADA0053388E /* Main.storyboard */ = {
			isa = PBXVariantGroup;
			children = (
				53D075A423C04ADA0053388E /* Base */,
			);
			name = Main.storyboard;
			sourceTree = "<group>";
		};
		53D075A823C04ADF0053388E /* LaunchScreen.storyboard */ = {
			isa = PBXVariantGroup;
			children = (
				53D075A923C04ADF0053388E /* Base */,
			);
			name = LaunchScreen.storyboard;
			sourceTree = "<group>";
		};
/* End PBXVariantGroup section */

/* Begin XCBuildConfiguration section */
		53D075AC23C04ADF0053388E /* Debug */ = {
			isa = XCBuildConfiguration;
			buildSettings = {
				ALWAYS_SEARCH_USER_PATHS = NO;
				CLANG_ANALYZER_NONNULL = YES;
				CLANG_ANALYZER_NUMBER_OBJECT_CONVERSION = YES_AGGRESSIVE;
				CLANG_CXX_LANGUAGE_STANDARD = "gnu++14";
				CLANG_CXX_LIBRARY = "libc++";
				CLANG_ENABLE_MODULES = YES;
				CLANG_ENABLE_OBJC_ARC = YES;
				CLANG_ENABLE_OBJC_WEAK = YES;
				CLANG_WARN_BLOCK_CAPTURE_AUTORELEASING = YES;
				CLANG_WARN_BOOL_CONVERSION = YES;
				CLANG_WARN_COMMA = YES;
				CLANG_WARN_CONSTANT_CONVERSION = YES;
				CLANG_WARN_DEPRECATED_OBJC_IMPLEMENTATIONS = YES;
				CLANG_WARN_DIRECT_OBJC_ISA_USAGE = YES_ERROR;
				CLANG_WARN_DOCUMENTATION_COMMENTS = YES;
				CLANG_WARN_EMPTY_BODY = YES;
				CLANG_WARN_ENUM_CONVERSION = YES;
				CLANG_WARN_INFINITE_RECURSION = YES;
				CLANG_WARN_INT_CONVERSION = YES;
				CLANG_WARN_NON_LITERAL_NULL_CONVERSION = YES;
				CLANG_WARN_OBJC_IMPLICIT_RETAIN_SELF = YES;
				CLANG_WARN_OBJC_LITERAL_CONVERSION = YES;
				CLANG_WARN_OBJC_ROOT_CLASS = YES_ERROR;
				CLANG_WARN_RANGE_LOOP_ANALYSIS = YES;
				CLANG_WARN_STRICT_PROTOTYPES = YES;
				CLANG_WARN_SUSPICIOUS_MOVE = YES;
				CLANG_WARN_UNGUARDED_AVAILABILITY = YES_AGGRESSIVE;
				CLANG_WARN_UNREACHABLE_CODE = YES;
				CLANG_WARN__DUPLICATE_METHOD_MATCH = YES;
				CODE_SIGN_IDENTITY = "iPhone Developer";
				COPY_PHASE_STRIP = NO;
				DEBUG_INFORMATION_FORMAT = dwarf;
				ENABLE_STRICT_OBJC_MSGSEND = YES;
				ENABLE_TESTABILITY = YES;
				GCC_C_LANGUAGE_STANDARD = gnu11;
				GCC_DYNAMIC_NO_PIC = NO;
				GCC_NO_COMMON_BLOCKS = YES;
				GCC_OPTIMIZATION_LEVEL = 0;
				GCC_PREPROCESSOR_DEFINITIONS = (
					"DEBUG=1",
					"$(inherited)",
				);
				GCC_WARN_64_TO_32_BIT_CONVERSION = YES;
				GCC_WARN_ABOUT_RETURN_TYPE = YES_ERROR;
				GCC_WARN_UNDECLARED_SELECTOR = YES;
				GCC_WARN_UNINITIALIZED_AUTOS = YES_AGGRESSIVE;
				GCC_WARN_UNUSED_FUNCTION = YES;
				GCC_WARN_UNUSED_VARIABLE = YES;
				IPHONEOS_DEPLOYMENT_TARGET = 12.2;
				MTL_ENABLE_DEBUG_INFO = INCLUDE_SOURCE;
				MTL_FAST_MATH = YES;
				ONLY_ACTIVE_ARCH = YES;
				SDKROOT = iphoneos;
				SWIFT_ACTIVE_COMPILATION_CONDITIONS = DEBUG;
				SWIFT_OPTIMIZATION_LEVEL = "-Onone";
			};
			name = Debug;
		};
		53D075AD23C04ADF0053388E /* Release */ = {
			isa = XCBuildConfiguration;
			buildSettings = {
				ALWAYS_SEARCH_USER_PATHS = NO;
				CLANG_ANALYZER_NONNULL = YES;
				CLANG_ANALYZER_NUMBER_OBJECT_CONVERSION = YES_AGGRESSIVE;
				CLANG_CXX_LANGUAGE_STANDARD = "gnu++14";
				CLANG_CXX_LIBRARY = "libc++";
				CLANG_ENABLE_MODULES = YES;
				CLANG_ENABLE_OBJC_ARC = YES;
				CLANG_ENABLE_OBJC_WEAK = YES;
				CLANG_WARN_BLOCK_CAPTURE_AUTORELEASING = YES;
				CLANG_WARN_BOOL_CONVERSION = YES;
				CLANG_WARN_COMMA = YES;
				CLANG_WARN_CONSTANT_CONVERSION = YES;
				CLANG_WARN_DEPRECATED_OBJC_IMPLEMENTATIONS = YES;
				CLANG_WARN_DIRECT_OBJC_ISA_USAGE = YES_ERROR;
				CLANG_WARN_DOCUMENTATION_COMMENTS = YES;
				CLANG_WARN_EMPTY_BODY = YES;
				CLANG_WARN_ENUM_CONVERSION = YES;
				CLANG_WARN_INFINITE_RECURSION = YES;
				CLANG_WARN_INT_CONVERSION = YES;
				CLANG_WARN_NON_LITERAL_NULL_CONVERSION = YES;
				CLANG_WARN_OBJC_IMPLICIT_RETAIN_SELF = YES;
				CLANG_WARN_OBJC_LITERAL_CONVERSION = YES;
				CLANG_WARN_OBJC_ROOT_CLASS = YES_ERROR;
				CLANG_WARN_RANGE_LOOP_ANALYSIS = YES;
				CLANG_WARN_STRICT_PROTOTYPES = YES;
				CLANG_WARN_SUSPICIOUS_MOVE = YES;
				CLANG_WARN_UNGUARDED_AVAILABILITY = YES_AGGRESSIVE;
				CLANG_WARN_UNREACHABLE_CODE = YES;
				CLANG_WARN__DUPLICATE_METHOD_MATCH = YES;
				CODE_SIGN_IDENTITY = "iPhone Developer";
				COPY_PHASE_STRIP = NO;
				DEBUG_INFORMATION_FORMAT = "dwarf-with-dsym";
				ENABLE_NS_ASSERTIONS = NO;
				ENABLE_STRICT_OBJC_MSGSEND = YES;
				GCC_C_LANGUAGE_STANDARD = gnu11;
				GCC_NO_COMMON_BLOCKS = YES;
				GCC_WARN_64_TO_32_BIT_CONVERSION = YES;
				GCC_WARN_ABOUT_RETURN_TYPE = YES_ERROR;
				GCC_WARN_UNDECLARED_SELECTOR = YES;
				GCC_WARN_UNINITIALIZED_AUTOS = YES_AGGRESSIVE;
				GCC_WARN_UNUSED_FUNCTION = YES;
				GCC_WARN_UNUSED_VARIABLE = YES;
				IPHONEOS_DEPLOYMENT_TARGET = 12.2;
				MTL_ENABLE_DEBUG_INFO = NO;
				MTL_FAST_MATH = YES;
				SDKROOT = iphoneos;
				SWIFT_COMPILATION_MODE = wholemodule;
				SWIFT_OPTIMIZATION_LEVEL = "-O";
				VALIDATE_PRODUCT = YES;
			};
			name = Release;
		};
		53D075AF23C04ADF0053388E /* Debug */ = {
			isa = XCBuildConfiguration;
			baseConfigurationReference = 7A1412507FD30E335E0C038F /* Pods-Instagram.debug.xcconfig */;
			buildSettings = {
				ASSETCATALOG_COMPILER_APPICON_NAME = AppIcon;
				CODE_SIGN_STYLE = Automatic;
				DEVELOPMENT_TEAM = HJDWM9D2VJ;
				INFOPLIST_FILE = Instagram/Info.plist;
				LD_RUNPATH_SEARCH_PATHS = (
					"$(inherited)",
					"@executable_path/Frameworks",
				);
				PRODUCT_BUNDLE_IDENTIFIER = jp.techacademy.hirotaka.iwasaki.Instagram;
				PRODUCT_NAME = "$(TARGET_NAME)";
				SWIFT_VERSION = 5.0;
				TARGETED_DEVICE_FAMILY = 1;
			};
			name = Debug;
		};
		53D075B023C04ADF0053388E /* Release */ = {
			isa = XCBuildConfiguration;
			baseConfigurationReference = 9418119E9CB79B6FC7ADC589 /* Pods-Instagram.release.xcconfig */;
			buildSettings = {
				ASSETCATALOG_COMPILER_APPICON_NAME = AppIcon;
				CODE_SIGN_STYLE = Automatic;
				DEVELOPMENT_TEAM = HJDWM9D2VJ;
				INFOPLIST_FILE = Instagram/Info.plist;
				LD_RUNPATH_SEARCH_PATHS = (
					"$(inherited)",
					"@executable_path/Frameworks",
				);
				PRODUCT_BUNDLE_IDENTIFIER = jp.techacademy.hirotaka.iwasaki.Instagram;
				PRODUCT_NAME = "$(TARGET_NAME)";
				SWIFT_VERSION = 5.0;
				TARGETED_DEVICE_FAMILY = 1;
			};
			name = Release;
		};
/* End XCBuildConfiguration section */

/* Begin XCConfigurationList section */
		53D0759723C04ADA0053388E /* Build configuration list for PBXProject "Instagram" */ = {
			isa = XCConfigurationList;
			buildConfigurations = (
				53D075AC23C04ADF0053388E /* Debug */,
				53D075AD23C04ADF0053388E /* Release */,
			);
			defaultConfigurationIsVisible = 0;
			defaultConfigurationName = Release;
		};
		53D075AE23C04ADF0053388E /* Build configuration list for PBXNativeTarget "Instagram" */ = {
			isa = XCConfigurationList;
			buildConfigurations = (
				53D075AF23C04ADF0053388E /* Debug */,
				53D075B023C04ADF0053388E /* Release */,
			);
			defaultConfigurationIsVisible = 0;
			defaultConfigurationName = Release;
		};
/* End XCConfigurationList section */
	};
	rootObject = 53D0759423C04ADA0053388E /* Project object */;
}
